// !$*UTF8*$!
{
	archiveVersion = 1;
	classes = {
	};
	objectVersion = 55;
	objects = {

/* Begin PBXBuildFile section */
		9360648628CC3487009A5819 /* FaceCamFW.h in Headers */ = {isa = PBXBuildFile; fileRef = 9360648528CC3487009A5819 /* FaceCamFW.h */; settings = {ATTRIBUTES = (Public, ); }; };
		9360649228CC3513009A5819 /* FaceCam.swift in Sources */ = {isa = PBXBuildFile; fileRef = 9360649128CC3513009A5819 /* FaceCam.swift */; };
		9360649A28CC35FF009A5819 /* StreamerFacecam.swift in Sources */ = {isa = PBXBuildFile; fileRef = 9360649928CC35FF009A5819 /* StreamerFacecam.swift */; };
		9360649C28CC3656009A5819 /* StreamerDelegate.swift in Sources */ = {isa = PBXBuildFile; fileRef = 9360649B28CC3656009A5819 /* StreamerDelegate.swift */; };
		9360649E28CC36A6009A5819 /* VideoConfig.swift in Sources */ = {isa = PBXBuildFile; fileRef = 9360649D28CC36A6009A5819 /* VideoConfig.swift */; };
		936064A028CC36C6009A5819 /* ImageTransform.swift in Sources */ = {isa = PBXBuildFile; fileRef = 9360649F28CC36C6009A5819 /* ImageTransform.swift */; };
		936064A428CC38C3009A5819 /* Streamer.swift in Sources */ = {isa = PBXBuildFile; fileRef = 936064A328CC38C3009A5819 /* Streamer.swift */; };
		936064A628CC3A5F009A5819 /* UIImage+Ext.swift in Sources */ = {isa = PBXBuildFile; fileRef = 936064A528CC3A5F009A5819 /* UIImage+Ext.swift */; };
		936064A828CC3AAB009A5819 /* UIView+Ext.swift in Sources */ = {isa = PBXBuildFile; fileRef = 936064A728CC3AAB009A5819 /* UIView+Ext.swift */; };
		936064E928CC83CB009A5819 /* CameraPreviewLayer.swift in Sources */ = {isa = PBXBuildFile; fileRef = 936064E828CC83CB009A5819 /* CameraPreviewLayer.swift */; };
		936064FB28CC8860009A5819 /* OTGripPointView.swift in Sources */ = {isa = PBXBuildFile; fileRef = 936064F928CC8860009A5819 /* OTGripPointView.swift */; };
		936064FC28CC8860009A5819 /* OTResizableView.swift in Sources */ = {isa = PBXBuildFile; fileRef = 936064FA28CC8860009A5819 /* OTResizableView.swift */; };
		93C9374C28D6F6D900B0F5BC /* VideoRecordSlider.swift in Sources */ = {isa = PBXBuildFile; fileRef = 93C9374B28D6F6D900B0F5BC /* VideoRecordSlider.swift */; };
		93C9374E28D6F6F200B0F5BC /* ProgressIndicator.swift in Sources */ = {isa = PBXBuildFile; fileRef = 93C9374D28D6F6F200B0F5BC /* ProgressIndicator.swift */; };
		93C9375028D6F72300B0F5BC /* StartIndicator.swift in Sources */ = {isa = PBXBuildFile; fileRef = 93C9374F28D6F72300B0F5BC /* StartIndicator.swift */; };
		93C9375228D6F74B00B0F5BC /* TimeView.swift in Sources */ = {isa = PBXBuildFile; fileRef = 93C9375128D6F74B00B0F5BC /* TimeView.swift */; };
		93C9375428D6F76700B0F5BC /* ThumbnailsManager.swift in Sources */ = {isa = PBXBuildFile; fileRef = 93C9375328D6F76600B0F5BC /* ThumbnailsManager.swift */; };
		93C9375628D6F79200B0F5BC /* VideoHelper.swift in Sources */ = {isa = PBXBuildFile; fileRef = 93C9375528D6F79100B0F5BC /* VideoHelper.swift */; };
		93C9375828D6F7C800B0F5BC /* UIColor+Ext.swift in Sources */ = {isa = PBXBuildFile; fileRef = 93C9375728D6F7C800B0F5BC /* UIColor+Ext.swift */; };
/* End PBXBuildFile section */

/* Begin PBXFileReference section */
		9360648228CC3487009A5819 /* FaceCamFW.framework */ = {isa = PBXFileReference; explicitFileType = wrapper.framework; includeInIndex = 0; path = FaceCamFW.framework; sourceTree = BUILT_PRODUCTS_DIR; };
		9360648528CC3487009A5819 /* FaceCamFW.h */ = {isa = PBXFileReference; lastKnownFileType = sourcecode.c.h; path = FaceCamFW.h; sourceTree = "<group>"; };
		9360649128CC3513009A5819 /* FaceCam.swift */ = {isa = PBXFileReference; lastKnownFileType = sourcecode.swift; path = FaceCam.swift; sourceTree = "<group>"; };
		9360649928CC35FF009A5819 /* StreamerFacecam.swift */ = {isa = PBXFileReference; fileEncoding = 4; lastKnownFileType = sourcecode.swift; path = StreamerFacecam.swift; sourceTree = "<group>"; };
		9360649B28CC3656009A5819 /* StreamerDelegate.swift */ = {isa = PBXFileReference; fileEncoding = 4; lastKnownFileType = sourcecode.swift; path = StreamerDelegate.swift; sourceTree = "<group>"; };
		9360649D28CC36A6009A5819 /* VideoConfig.swift */ = {isa = PBXFileReference; fileEncoding = 4; lastKnownFileType = sourcecode.swift; path = VideoConfig.swift; sourceTree = "<group>"; };
		9360649F28CC36C6009A5819 /* ImageTransform.swift */ = {isa = PBXFileReference; fileEncoding = 4; lastKnownFileType = sourcecode.swift; path = ImageTransform.swift; sourceTree = "<group>"; };
		936064A328CC38C3009A5819 /* Streamer.swift */ = {isa = PBXFileReference; fileEncoding = 4; lastKnownFileType = sourcecode.swift; path = Streamer.swift; sourceTree = "<group>"; };
		936064A528CC3A5F009A5819 /* UIImage+Ext.swift */ = {isa = PBXFileReference; fileEncoding = 4; lastKnownFileType = sourcecode.swift; path = "UIImage+Ext.swift"; sourceTree = "<group>"; };
		936064A728CC3AAB009A5819 /* UIView+Ext.swift */ = {isa = PBXFileReference; fileEncoding = 4; lastKnownFileType = sourcecode.swift; path = "UIView+Ext.swift"; sourceTree = "<group>"; };
		936064E828CC83CB009A5819 /* CameraPreviewLayer.swift */ = {isa = PBXFileReference; fileEncoding = 4; lastKnownFileType = sourcecode.swift; path = CameraPreviewLayer.swift; sourceTree = "<group>"; };
		936064F928CC8860009A5819 /* OTGripPointView.swift */ = {isa = PBXFileReference; fileEncoding = 4; lastKnownFileType = sourcecode.swift; path = OTGripPointView.swift; sourceTree = "<group>"; };
		936064FA28CC8860009A5819 /* OTResizableView.swift */ = {isa = PBXFileReference; fileEncoding = 4; lastKnownFileType = sourcecode.swift; path = OTResizableView.swift; sourceTree = "<group>"; };
		93C9374B28D6F6D900B0F5BC /* VideoRecordSlider.swift */ = {isa = PBXFileReference; fileEncoding = 4; lastKnownFileType = sourcecode.swift; path = VideoRecordSlider.swift; sourceTree = "<group>"; };
		93C9374D28D6F6F200B0F5BC /* ProgressIndicator.swift */ = {isa = PBXFileReference; fileEncoding = 4; lastKnownFileType = sourcecode.swift; path = ProgressIndicator.swift; sourceTree = "<group>"; };
		93C9374F28D6F72300B0F5BC /* StartIndicator.swift */ = {isa = PBXFileReference; fileEncoding = 4; lastKnownFileType = sourcecode.swift; path = StartIndicator.swift; sourceTree = "<group>"; };
		93C9375128D6F74B00B0F5BC /* TimeView.swift */ = {isa = PBXFileReference; fileEncoding = 4; lastKnownFileType = sourcecode.swift; path = TimeView.swift; sourceTree = "<group>"; };
		93C9375328D6F76600B0F5BC /* ThumbnailsManager.swift */ = {isa = PBXFileReference; fileEncoding = 4; lastKnownFileType = sourcecode.swift; path = ThumbnailsManager.swift; sourceTree = "<group>"; };
		93C9375528D6F79100B0F5BC /* VideoHelper.swift */ = {isa = PBXFileReference; fileEncoding = 4; lastKnownFileType = sourcecode.swift; path = VideoHelper.swift; sourceTree = "<group>"; };
		93C9375728D6F7C800B0F5BC /* UIColor+Ext.swift */ = {isa = PBXFileReference; fileEncoding = 4; lastKnownFileType = sourcecode.swift; path = "UIColor+Ext.swift"; sourceTree = "<group>"; };
/* End PBXFileReference section */

/* Begin PBXFrameworksBuildPhase section */
		9360647F28CC3487009A5819 /* Frameworks */ = {
			isa = PBXFrameworksBuildPhase;
			buildActionMask = 2147483647;
			files = (
			);
			runOnlyForDeploymentPostprocessing = 0;
		};
/* End PBXFrameworksBuildPhase section */

/* Begin PBXGroup section */
		9360647828CC3487009A5819 = {
			isa = PBXGroup;
			children = (
				9360648428CC3487009A5819 /* FaceCamFW */,
				9360648328CC3487009A5819 /* Products */,
				9360648C28CC34A5009A5819 /* Frameworks */,
			);
			sourceTree = "<group>";
		};
		9360648328CC3487009A5819 /* Products */ = {
			isa = PBXGroup;
			children = (
				9360648228CC3487009A5819 /* FaceCamFW.framework */,
			);
			name = Products;
			sourceTree = "<group>";
		};
		9360648428CC3487009A5819 /* FaceCamFW */ = {
			isa = PBXGroup;
			children = (
				9360648528CC3487009A5819 /* FaceCamFW.h */,
				936064F928CC8860009A5819 /* OTGripPointView.swift */,
				936064FA28CC8860009A5819 /* OTResizableView.swift */,
				936064E828CC83CB009A5819 /* CameraPreviewLayer.swift */,
				936064A728CC3AAB009A5819 /* UIView+Ext.swift */,
				936064A528CC3A5F009A5819 /* UIImage+Ext.swift */,
				936064A328CC38C3009A5819 /* Streamer.swift */,
				9360649B28CC3656009A5819 /* StreamerDelegate.swift */,
				9360649D28CC36A6009A5819 /* VideoConfig.swift */,
				9360649F28CC36C6009A5819 /* ImageTransform.swift */,
				93C9374B28D6F6D900B0F5BC /* VideoRecordSlider.swift */,
				93C9374D28D6F6F200B0F5BC /* ProgressIndicator.swift */,
				93C9374F28D6F72300B0F5BC /* StartIndicator.swift */,
				93C9375128D6F74B00B0F5BC /* TimeView.swift */,
				93C9375328D6F76600B0F5BC /* ThumbnailsManager.swift */,
				93C9375528D6F79100B0F5BC /* VideoHelper.swift */,
				9360649928CC35FF009A5819 /* StreamerFacecam.swift */,
				9360649128CC3513009A5819 /* FaceCam.swift */,
				93C9375728D6F7C800B0F5BC /* UIColor+Ext.swift */,
			);
			path = FaceCamFW;
			sourceTree = "<group>";
		};
		9360648C28CC34A5009A5819 /* Frameworks */ = {
			isa = PBXGroup;
			children = (
			);
			name = Frameworks;
			sourceTree = "<group>";
		};
/* End PBXGroup section */

/* Begin PBXHeadersBuildPhase section */
		9360647D28CC3487009A5819 /* Headers */ = {
			isa = PBXHeadersBuildPhase;
			buildActionMask = 2147483647;
			files = (
				9360648628CC3487009A5819 /* FaceCamFW.h in Headers */,
			);
			runOnlyForDeploymentPostprocessing = 0;
		};
/* End PBXHeadersBuildPhase section */

/* Begin PBXNativeTarget section */
		9360648128CC3487009A5819 /* FaceCamFW */ = {
			isa = PBXNativeTarget;
			buildConfigurationList = 9360648928CC3488009A5819 /* Build configuration list for PBXNativeTarget "FaceCamFW" */;
			buildPhases = (
				9360647D28CC3487009A5819 /* Headers */,
				9360647E28CC3487009A5819 /* Sources */,
				9360647F28CC3487009A5819 /* Frameworks */,
				9360648028CC3487009A5819 /* Resources */,
			);
			buildRules = (
			);
			dependencies = (
			);
			name = FaceCamFW;
			productName = FaceCamFW;
			productReference = 9360648228CC3487009A5819 /* FaceCamFW.framework */;
			productType = "com.apple.product-type.framework";
		};
/* End PBXNativeTarget section */

/* Begin PBXProject section */
		9360647928CC3487009A5819 /* Project object */ = {
			isa = PBXProject;
			attributes = {
				BuildIndependentTargetsInParallel = 1;
				LastUpgradeCheck = 1340;
				TargetAttributes = {
					9360648128CC3487009A5819 = {
						CreatedOnToolsVersion = 13.4.1;
						LastSwiftMigration = 1340;
					};
				};
			};
			buildConfigurationList = 9360647C28CC3487009A5819 /* Build configuration list for PBXProject "FaceCamFW" */;
			compatibilityVersion = "Xcode 13.0";
			developmentRegion = en;
			hasScannedForEncodings = 0;
			knownRegions = (
				en,
				Base,
			);
			mainGroup = 9360647828CC3487009A5819;
			productRefGroup = 9360648328CC3487009A5819 /* Products */;
			projectDirPath = "";
			projectRoot = "";
			targets = (
				9360648128CC3487009A5819 /* FaceCamFW */,
			);
		};
/* End PBXProject section */

/* Begin PBXResourcesBuildPhase section */
		9360648028CC3487009A5819 /* Resources */ = {
			isa = PBXResourcesBuildPhase;
			buildActionMask = 2147483647;
			files = (
			);
			runOnlyForDeploymentPostprocessing = 0;
		};
/* End PBXResourcesBuildPhase section */

/* Begin PBXSourcesBuildPhase section */
		9360647E28CC3487009A5819 /* Sources */ = {
			isa = PBXSourcesBuildPhase;
			buildActionMask = 2147483647;
			files = (
				936064A828CC3AAB009A5819 /* UIView+Ext.swift in Sources */,
				936064A628CC3A5F009A5819 /* UIImage+Ext.swift in Sources */,
				93C9375228D6F74B00B0F5BC /* TimeView.swift in Sources */,
				93C9375028D6F72300B0F5BC /* StartIndicator.swift in Sources */,
				93C9375628D6F79200B0F5BC /* VideoHelper.swift in Sources */,
				93C9375428D6F76700B0F5BC /* ThumbnailsManager.swift in Sources */,
				936064A028CC36C6009A5819 /* ImageTransform.swift in Sources */,
				93C9374E28D6F6F200B0F5BC /* ProgressIndicator.swift in Sources */,
				9360649C28CC3656009A5819 /* StreamerDelegate.swift in Sources */,
				936064A428CC38C3009A5819 /* Streamer.swift in Sources */,
				936064FC28CC8860009A5819 /* OTResizableView.swift in Sources */,
				9360649E28CC36A6009A5819 /* VideoConfig.swift in Sources */,
				936064FB28CC8860009A5819 /* OTGripPointView.swift in Sources */,
				9360649228CC3513009A5819 /* FaceCam.swift in Sources */,
				9360649A28CC35FF009A5819 /* StreamerFacecam.swift in Sources */,
				93C9375828D6F7C800B0F5BC /* UIColor+Ext.swift in Sources */,
				936064E928CC83CB009A5819 /* CameraPreviewLayer.swift in Sources */,
				93C9374C28D6F6D900B0F5BC /* VideoRecordSlider.swift in Sources */,
			);
			runOnlyForDeploymentPostprocessing = 0;
		};
/* End PBXSourcesBuildPhase section */

/* Begin XCBuildConfiguration section */
		9360648728CC3488009A5819 /* Debug */ = {
			isa = XCBuildConfiguration;
			buildSettings = {
				ALWAYS_SEARCH_USER_PATHS = NO;
				CLANG_ANALYZER_NONNULL = YES;
				CLANG_ANALYZER_NUMBER_OBJECT_CONVERSION = YES_AGGRESSIVE;
				CLANG_CXX_LANGUAGE_STANDARD = "gnu++17";
				CLANG_ENABLE_MODULES = YES;
				CLANG_ENABLE_OBJC_ARC = YES;
				CLANG_ENABLE_OBJC_WEAK = YES;
				CLANG_WARN_BLOCK_CAPTURE_AUTORELEASING = YES;
				CLANG_WARN_BOOL_CONVERSION = YES;
				CLANG_WARN_COMMA = YES;
				CLANG_WARN_CONSTANT_CONVERSION = YES;
				CLANG_WARN_DEPRECATED_OBJC_IMPLEMENTATIONS = YES;
				CLANG_WARN_DIRECT_OBJC_ISA_USAGE = YES_ERROR;
				CLANG_WARN_DOCUMENTATION_COMMENTS = YES;
				CLANG_WARN_EMPTY_BODY = YES;
				CLANG_WARN_ENUM_CONVERSION = YES;
				CLANG_WARN_INFINITE_RECURSION = YES;
				CLANG_WARN_INT_CONVERSION = YES;
				CLANG_WARN_NON_LITERAL_NULL_CONVERSION = YES;
				CLANG_WARN_OBJC_IMPLICIT_RETAIN_SELF = YES;
				CLANG_WARN_OBJC_LITERAL_CONVERSION = YES;
				CLANG_WARN_OBJC_ROOT_CLASS = YES_ERROR;
				CLANG_WARN_QUOTED_INCLUDE_IN_FRAMEWORK_HEADER = YES;
				CLANG_WARN_RANGE_LOOP_ANALYSIS = YES;
				CLANG_WARN_STRICT_PROTOTYPES = YES;
				CLANG_WARN_SUSPICIOUS_MOVE = YES;
				CLANG_WARN_UNGUARDED_AVAILABILITY = YES_AGGRESSIVE;
				CLANG_WARN_UNREACHABLE_CODE = YES;
				CLANG_WARN__DUPLICATE_METHOD_MATCH = YES;
				COPY_PHASE_STRIP = NO;
				CURRENT_PROJECT_VERSION = 1;
				DEBUG_INFORMATION_FORMAT = dwarf;
				ENABLE_STRICT_OBJC_MSGSEND = YES;
				ENABLE_TESTABILITY = YES;
				GCC_C_LANGUAGE_STANDARD = gnu11;
				GCC_DYNAMIC_NO_PIC = NO;
				GCC_NO_COMMON_BLOCKS = YES;
				GCC_OPTIMIZATION_LEVEL = 0;
				GCC_PREPROCESSOR_DEFINITIONS = (
					"DEBUG=1",
					"$(inherited)",
				);
				GCC_WARN_64_TO_32_BIT_CONVERSION = YES;
				GCC_WARN_ABOUT_RETURN_TYPE = YES_ERROR;
				GCC_WARN_UNDECLARED_SELECTOR = YES;
				GCC_WARN_UNINITIALIZED_AUTOS = YES_AGGRESSIVE;
				GCC_WARN_UNUSED_FUNCTION = YES;
				GCC_WARN_UNUSED_VARIABLE = YES;
				IPHONEOS_DEPLOYMENT_TARGET = 13.0;
				MTL_ENABLE_DEBUG_INFO = INCLUDE_SOURCE;
				MTL_FAST_MATH = YES;
				ONLY_ACTIVE_ARCH = YES;
				SDKROOT = iphoneos;
				SWIFT_ACTIVE_COMPILATION_CONDITIONS = DEBUG;
				SWIFT_OPTIMIZATION_LEVEL = "-Onone";
				VERSIONING_SYSTEM = "apple-generic";
				VERSION_INFO_PREFIX = "";
			};
			name = Debug;
		};
		9360648828CC3488009A5819 /* Release */ = {
			isa = XCBuildConfiguration;
			buildSettings = {
				ALWAYS_SEARCH_USER_PATHS = NO;
				CLANG_ANALYZER_NONNULL = YES;
				CLANG_ANALYZER_NUMBER_OBJECT_CONVERSION = YES_AGGRESSIVE;
				CLANG_CXX_LANGUAGE_STANDARD = "gnu++17";
				CLANG_ENABLE_MODULES = YES;
				CLANG_ENABLE_OBJC_ARC = YES;
				CLANG_ENABLE_OBJC_WEAK = YES;
				CLANG_WARN_BLOCK_CAPTURE_AUTORELEASING = YES;
				CLANG_WARN_BOOL_CONVERSION = YES;
				CLANG_WARN_COMMA = YES;
				CLANG_WARN_CONSTANT_CONVERSION = YES;
				CLANG_WARN_DEPRECATED_OBJC_IMPLEMENTATIONS = YES;
				CLANG_WARN_DIRECT_OBJC_ISA_USAGE = YES_ERROR;
				CLANG_WARN_DOCUMENTATION_COMMENTS = YES;
				CLANG_WARN_EMPTY_BODY = YES;
				CLANG_WARN_ENUM_CONVERSION = YES;
				CLANG_WARN_INFINITE_RECURSION = YES;
				CLANG_WARN_INT_CONVERSION = YES;
				CLANG_WARN_NON_LITERAL_NULL_CONVERSION = YES;
				CLANG_WARN_OBJC_IMPLICIT_RETAIN_SELF = YES;
				CLANG_WARN_OBJC_LITERAL_CONVERSION = YES;
				CLANG_WARN_OBJC_ROOT_CLASS = YES_ERROR;
				CLANG_WARN_QUOTED_INCLUDE_IN_FRAMEWORK_HEADER = YES;
				CLANG_WARN_RANGE_LOOP_ANALYSIS = YES;
				CLANG_WARN_STRICT_PROTOTYPES = YES;
				CLANG_WARN_SUSPICIOUS_MOVE = YES;
				CLANG_WARN_UNGUARDED_AVAILABILITY = YES_AGGRESSIVE;
				CLANG_WARN_UNREACHABLE_CODE = YES;
				CLANG_WARN__DUPLICATE_METHOD_MATCH = YES;
				COPY_PHASE_STRIP = NO;
				CURRENT_PROJECT_VERSION = 1;
				DEBUG_INFORMATION_FORMAT = "dwarf-with-dsym";
				ENABLE_NS_ASSERTIONS = NO;
				ENABLE_STRICT_OBJC_MSGSEND = YES;
				GCC_C_LANGUAGE_STANDARD = gnu11;
				GCC_NO_COMMON_BLOCKS = YES;
				GCC_WARN_64_TO_32_BIT_CONVERSION = YES;
				GCC_WARN_ABOUT_RETURN_TYPE = YES_ERROR;
				GCC_WARN_UNDECLARED_SELECTOR = YES;
				GCC_WARN_UNINITIALIZED_AUTOS = YES_AGGRESSIVE;
				GCC_WARN_UNUSED_FUNCTION = YES;
				GCC_WARN_UNUSED_VARIABLE = YES;
				IPHONEOS_DEPLOYMENT_TARGET = 13.0;
				MTL_ENABLE_DEBUG_INFO = NO;
				MTL_FAST_MATH = YES;
				SDKROOT = iphoneos;
				SWIFT_COMPILATION_MODE = wholemodule;
				SWIFT_OPTIMIZATION_LEVEL = "-O";
				VALIDATE_PRODUCT = YES;
				VERSIONING_SYSTEM = "apple-generic";
				VERSION_INFO_PREFIX = "";
			};
			name = Release;
		};
		9360648A28CC3488009A5819 /* Debug */ = {
			isa = XCBuildConfiguration;
			buildSettings = {
				CLANG_ENABLE_MODULES = YES;
				CODE_SIGN_STYLE = Automatic;
				CURRENT_PROJECT_VERSION = 1;
				DEFINES_MODULE = YES;
				DEVELOPMENT_TEAM = ZX8LBHXXZB;
				DYLIB_COMPATIBILITY_VERSION = 1;
				DYLIB_CURRENT_VERSION = 1;
				DYLIB_INSTALL_NAME_BASE = "@rpath";
				GENERATE_INFOPLIST_FILE = YES;
				INFOPLIST_KEY_NSHumanReadableCopyright = "";
				INSTALL_PATH = "$(LOCAL_LIBRARY_DIR)/Frameworks";
				IPHONEOS_DEPLOYMENT_TARGET = 13.0;
				LD_RUNPATH_SEARCH_PATHS = (
					"$(inherited)",
					"@executable_path/Frameworks",
					"@loader_path/Frameworks",
				);
				MARKETING_VERSION = 1.0;
				PRODUCT_BUNDLE_IDENTIFIER = haiphan.FaceCamFW;
				PRODUCT_NAME = "$(TARGET_NAME:c99extidentifier)";
				SKIP_INSTALL = YES;
				SWIFT_EMIT_LOC_STRINGS = YES;
				SWIFT_OPTIMIZATION_LEVEL = "-Onone";
				SWIFT_VERSION = 5.0;
				TARGETED_DEVICE_FAMILY = "1,2";
			};
			name = Debug;
		};
		9360648B28CC3488009A5819 /* Release */ = {
			isa = XCBuildConfiguration;
			buildSettings = {
				CLANG_ENABLE_MODULES = YES;
				CODE_SIGN_STYLE = Automatic;
				CURRENT_PROJECT_VERSION = 1;
				DEFINES_MODULE = YES;
				DEVELOPMENT_TEAM = ZX8LBHXXZB;
				DYLIB_COMPATIBILITY_VERSION = 1;
				DYLIB_CURRENT_VERSION = 1;
				DYLIB_INSTALL_NAME_BASE = "@rpath";
				GENERATE_INFOPLIST_FILE = YES;
				INFOPLIST_KEY_NSHumanReadableCopyright = "";
				INSTALL_PATH = "$(LOCAL_LIBRARY_DIR)/Frameworks";
				IPHONEOS_DEPLOYMENT_TARGET = 13.0;
				LD_RUNPATH_SEARCH_PATHS = (
					"$(inherited)",
					"@executable_path/Frameworks",
					"@loader_path/Frameworks",
				);
				MARKETING_VERSION = 1.0;
				PRODUCT_BUNDLE_IDENTIFIER = haiphan.FaceCamFW;
				PRODUCT_NAME = "$(TARGET_NAME:c99extidentifier)";
				SKIP_INSTALL = YES;
				SWIFT_EMIT_LOC_STRINGS = YES;
				SWIFT_VERSION = 5.0;
				TARGETED_DEVICE_FAMILY = "1,2";
			};
			name = Release;
		};
/* End XCBuildConfiguration section */

/* Begin XCConfigurationList section */
		9360647C28CC3487009A5819 /* Build configuration list for PBXProject "FaceCamFW" */ = {
			isa = XCConfigurationList;
			buildConfigurations = (
				9360648728CC3488009A5819 /* Debug */,
				9360648828CC3488009A5819 /* Release */,
			);
			defaultConfigurationIsVisible = 0;
			defaultConfigurationName = Release;
		};
		9360648928CC3488009A5819 /* Build configuration list for PBXNativeTarget "FaceCamFW" */ = {
			isa = XCConfigurationList;
			buildConfigurations = (
				9360648A28CC3488009A5819 /* Debug */,
				9360648B28CC3488009A5819 /* Release */,
			);
			defaultConfigurationIsVisible = 0;
			defaultConfigurationName = Release;
		};
/* End XCConfigurationList section */
	};
	rootObject = 9360647928CC3487009A5819 /* Project object */;
}
